
Microsoft Visual Studio Solution File, Format Version 12.00
# Visual Studio Version 16
VisualStudioVersion = 16.0.29709.97
MinimumVisualStudioVersion = 10.0.40219.1
Project("{FAE04EC0-301F-11D3-BF4B-00C04F79EFBC}") = "XamarinForms_20200609.UWP", "XamarinForms_20200609\XamarinForms_20200609.UWP\XamarinForms_20200609.UWP.csproj", "{1DC72EC6-19FC-4769-8EAC-0A40DB2B4D8D}"
EndProject
Project("{FAE04EC0-301F-11D3-BF4B-00C04F79EFBC}") = "XamarinForms_20200609.Android", "XamarinForms_20200609\XamarinForms_20200609.Android\XamarinForms_20200609.Android.csproj", "{EB7B41AA-50A9-4077-BB7C-97CBE67D37FE}"
EndProject
Project("{FAE04EC0-301F-11D3-BF4B-00C04F79EFBC}") = "XamarinForms_20200609.iOS", "XamarinForms_20200609\XamarinForms_20200609.iOS\XamarinForms_20200609.iOS.csproj", "{1548F88E-D84F-4333-9DB2-5E4027154D2E}"
EndProject
Project("{FAE04EC0-301F-11D3-BF4B-00C04F79EFBC}") = "XamarinForms_20200609", "XamarinForms_20200609\XamarinForms_20200609\XamarinForms_20200609.csproj", "{B66977B6-1EBF-45AE-A767-C7455628CC50}"
EndProject
Global
	GlobalSection(SolutionConfigurationPlatforms) = preSolution
		Debug|Any CPU = Debug|Any CPU
		Debug|ARM = Debug|ARM
		Debug|iPhone = Debug|iPhone
		Debug|iPhoneSimulator = Debug|iPhoneSimulator
		Debug|x64 = Debug|x64
		Debug|x86 = Debug|x86
		Release|Any CPU = Release|Any CPU
		Release|ARM = Release|ARM
		Release|iPhone = Release|iPhone
		Release|iPhoneSimulator = Release|iPhoneSimulator
		Release|x64 = Release|x64
		Release|x86 = Release|x86
	EndGlobalSection
	GlobalSection(ProjectConfigurationPlatforms) = postSolution
		{1DC72EC6-19FC-4769-8EAC-0A40DB2B4D8D}.Debug|Any CPU.ActiveCfg = Debug|x86
		{1DC72EC6-19FC-4769-8EAC-0A40DB2B4D8D}.Debug|Any CPU.Build.0 = Debug|x86
		{1DC72EC6-19FC-4769-8EAC-0A40DB2B4D8D}.Debug|Any CPU.Deploy.0 = Debug|x86
		{1DC72EC6-19FC-4769-8EAC-0A40DB2B4D8D}.Debug|ARM.ActiveCfg = Debug|ARM
		{1DC72EC6-19FC-4769-8EAC-0A40DB2B4D8D}.Debug|ARM.Build.0 = Debug|ARM
		{1DC72EC6-19FC-4769-8EAC-0A40DB2B4D8D}.Debug|ARM.Deploy.0 = Debug|ARM
		{1DC72EC6-19FC-4769-8EAC-0A40DB2B4D8D}.Debug|iPhone.ActiveCfg = Debug|x86
		{1DC72EC6-19FC-4769-8EAC-0A40DB2B4D8D}.Debug|iPhone.Build.0 = Debug|x86
		{1DC72EC6-19FC-4769-8EAC-0A40DB2B4D8D}.Debug|iPhone.Deploy.0 = Debug|x86
		{1DC72EC6-19FC-4769-8EAC-0A40DB2B4D8D}.Debug|iPhoneSimulator.ActiveCfg = Debug|x86
		{1DC72EC6-19FC-4769-8EAC-0A40DB2B4D8D}.Debug|iPhoneSimulator.Build.0 = Debug|x86
		{1DC72EC6-19FC-4769-8EAC-0A40DB2B4D8D}.Debug|iPhoneSimulator.Deploy.0 = Debug|x86
		{1DC72EC6-19FC-4769-8EAC-0A40DB2B4D8D}.Debug|x64.ActiveCfg = Debug|x64
		{1DC72EC6-19FC-4769-8EAC-0A40DB2B4D8D}.Debug|x64.Build.0 = Debug|x64
		{1DC72EC6-19FC-4769-8EAC-0A40DB2B4D8D}.Debug|x64.Deploy.0 = Debug|x64
		{1DC72EC6-19FC-4769-8EAC-0A40DB2B4D8D}.Debug|x86.ActiveCfg = Debug|x86
		{1DC72EC6-19FC-4769-8EAC-0A40DB2B4D8D}.Debug|x86.Build.0 = Debug|x86
		{1DC72EC6-19FC-4769-8EAC-0A40DB2B4D8D}.Debug|x86.Deploy.0 = Debug|x86
		{1DC72EC6-19FC-4769-8EAC-0A40DB2B4D8D}.Release|Any CPU.ActiveCfg = Release|x86
		{1DC72EC6-19FC-4769-8EAC-0A40DB2B4D8D}.Release|Any CPU.Build.0 = Release|x86
		{1DC72EC6-19FC-4769-8EAC-0A40DB2B4D8D}.Release|Any CPU.Deploy.0 = Release|x86
		{1DC72EC6-19FC-4769-8EAC-0A40DB2B4D8D}.Release|ARM.ActiveCfg = Release|ARM
		{1DC72EC6-19FC-4769-8EAC-0A40DB2B4D8D}.Release|ARM.Build.0 = Release|ARM
		{1DC72EC6-19FC-4769-8EAC-0A40DB2B4D8D}.Release|ARM.Deploy.0 = Release|ARM
		{1DC72EC6-19FC-4769-8EAC-0A40DB2B4D8D}.Release|iPhone.ActiveCfg = Release|x86
		{1DC72EC6-19FC-4769-8EAC-0A40DB2B4D8D}.Release|iPhone.Build.0 = Release|x86
		{1DC72EC6-19FC-4769-8EAC-0A40DB2B4D8D}.Release|iPhone.Deploy.0 = Release|x86
		{1DC72EC6-19FC-4769-8EAC-0A40DB2B4D8D}.Release|iPhoneSimulator.ActiveCfg = Release|x86
		{1DC72EC6-19FC-4769-8EAC-0A40DB2B4D8D}.Release|iPhoneSimulator.Build.0 = Release|x86
		{1DC72EC6-19FC-4769-8EAC-0A40DB2B4D8D}.Release|iPhoneSimulator.Deploy.0 = Release|x86
		{1DC72EC6-19FC-4769-8EAC-0A40DB2B4D8D}.Release|x64.ActiveCfg = Release|x64
		{1DC72EC6-19FC-4769-8EAC-0A40DB2B4D8D}.Release|x64.Build.0 = Release|x64
		{1DC72EC6-19FC-4769-8EAC-0A40DB2B4D8D}.Release|x64.Deploy.0 = Release|x64
		{1DC72EC6-19FC-4769-8EAC-0A40DB2B4D8D}.Release|x86.ActiveCfg = Release|x86
		{1DC72EC6-19FC-4769-8EAC-0A40DB2B4D8D}.Release|x86.Build.0 = Release|x86
		{1DC72EC6-19FC-4769-8EAC-0A40DB2B4D8D}.Release|x86.Deploy.0 = Release|x86
		{EB7B41AA-50A9-4077-BB7C-97CBE67D37FE}.Debug|Any CPU.ActiveCfg = Debug|Any CPU
		{EB7B41AA-50A9-4077-BB7C-97CBE67D37FE}.Debug|Any CPU.Build.0 = Debug|Any CPU
		{EB7B41AA-50A9-4077-BB7C-97CBE67D37FE}.Debug|Any CPU.Deploy.0 = Debug|Any CPU
		{EB7B41AA-50A9-4077-BB7C-97CBE67D37FE}.Debug|ARM.ActiveCfg = Debug|Any CPU
		{EB7B41AA-50A9-4077-BB7C-97CBE67D37FE}.Debug|ARM.Build.0 = Debug|Any CPU
		{EB7B41AA-50A9-4077-BB7C-97CBE67D37FE}.Debug|ARM.Deploy.0 = Debug|Any CPU
		{EB7B41AA-50A9-4077-BB7C-97CBE67D37FE}.Debug|iPhone.ActiveCfg = Debug|Any CPU
		{EB7B41AA-50A9-4077-BB7C-97CBE67D37FE}.Debug|iPhone.Build.0 = Debug|Any CPU
		{EB7B41AA-50A9-4077-BB7C-97CBE67D37FE}.Debug|iPhone.Deploy.0 = Debug|Any CPU
		{EB7B41AA-50A9-4077-BB7C-97CBE67D37FE}.Debug|iPhoneSimulator.ActiveCfg = Debug|Any CPU
		{EB7B41AA-50A9-4077-BB7C-97CBE67D37FE}.Debug|iPhoneSimulator.Build.0 = Debug|Any CPU
		{EB7B41AA-50A9-4077-BB7C-97CBE67D37FE}.Debug|iPhoneSimulator.Deploy.0 = Debug|Any CPU
		{EB7B41AA-50A9-4077-BB7C-97CBE67D37FE}.Debug|x64.ActiveCfg = Debug|Any CPU
		{EB7B41AA-50A9-4077-BB7C-97CBE67D37FE}.Debug|x64.Build.0 = Debug|Any CPU
		{EB7B41AA-50A9-4077-BB7C-97CBE67D37FE}.Debug|x64.Deploy.0 = Debug|Any CPU
		{EB7B41AA-50A9-4077-BB7C-97CBE67D37FE}.Debug|x86.ActiveCfg = Debug|Any CPU
		{EB7B41AA-50A9-4077-BB7C-97CBE67D37FE}.Debug|x86.Build.0 = Debug|Any CPU
		{EB7B41AA-50A9-4077-BB7C-97CBE67D37FE}.Debug|x86.Deploy.0 = Debug|Any CPU
		{EB7B41AA-50A9-4077-BB7C-97CBE67D37FE}.Release|Any CPU.ActiveCfg = Release|Any CPU
		{EB7B41AA-50A9-4077-BB7C-97CBE67D37FE}.Release|Any CPU.Build.0 = Release|Any CPU
		{EB7B41AA-50A9-4077-BB7C-97CBE67D37FE}.Release|Any CPU.Deploy.0 = Release|Any CPU
		{EB7B41AA-50A9-4077-BB7C-97CBE67D37FE}.Release|ARM.ActiveCfg = Release|Any CPU
		{EB7B41AA-50A9-4077-BB7C-97CBE67D37FE}.Release|ARM.Build.0 = Release|Any CPU
		{EB7B41AA-50A9-4077-BB7C-97CBE67D37FE}.Release|ARM.Deploy.0 = Release|Any CPU
		{EB7B41AA-50A9-4077-BB7C-97CBE67D37FE}.Release|iPhone.ActiveCfg = Release|Any CPU
		{EB7B41AA-50A9-4077-BB7C-97CBE67D37FE}.Release|iPhone.Build.0 = Release|Any CPU
		{EB7B41AA-50A9-4077-BB7C-97CBE67D37FE}.Release|iPhone.Deploy.0 = Release|Any CPU
		{EB7B41AA-50A9-4077-BB7C-97CBE67D37FE}.Release|iPhoneSimulator.ActiveCfg = Release|Any CPU
		{EB7B41AA-50A9-4077-BB7C-97CBE67D37FE}.Release|iPhoneSimulator.Build.0 = Release|Any CPU
		{EB7B41AA-50A9-4077-BB7C-97CBE67D37FE}.Release|iPhoneSimulator.Deploy.0 = Release|Any CPU
		{EB7B41AA-50A9-4077-BB7C-97CBE67D37FE}.Release|x64.ActiveCfg = Release|Any CPU
		{EB7B41AA-50A9-4077-BB7C-97CBE67D37FE}.Release|x64.Build.0 = Release|Any CPU
		{EB7B41AA-50A9-4077-BB7C-97CBE67D37FE}.Release|x64.Deploy.0 = Release|Any CPU
		{EB7B41AA-50A9-4077-BB7C-97CBE67D37FE}.Release|x86.ActiveCfg = Release|Any CPU
		{EB7B41AA-50A9-4077-BB7C-97CBE67D37FE}.Release|x86.Build.0 = Release|Any CPU
		{EB7B41AA-50A9-4077-BB7C-97CBE67D37FE}.Release|x86.Deploy.0 = Release|Any CPU
		{1548F88E-D84F-4333-9DB2-5E4027154D2E}.Debug|Any CPU.ActiveCfg = Debug|iPhone
		{1548F88E-D84F-4333-9DB2-5E4027154D2E}.Debug|Any CPU.Build.0 = Debug|iPhone
		{1548F88E-D84F-4333-9DB2-5E4027154D2E}.Debug|Any CPU.Deploy.0 = Debug|iPhone
		{1548F88E-D84F-4333-9DB2-5E4027154D2E}.Debug|ARM.ActiveCfg = Debug|iPhoneSimulator
		{1548F88E-D84F-4333-9DB2-5E4027154D2E}.Debug|ARM.Build.0 = Debug|iPhoneSimulator
		{1548F88E-D84F-4333-9DB2-5E4027154D2E}.Debug|ARM.Deploy.0 = Debug|iPhoneSimulator
		{1548F88E-D84F-4333-9DB2-5E4027154D2E}.Debug|iPhone.ActiveCfg = Debug|iPhone
		{1548F88E-D84F-4333-9DB2-5E4027154D2E}.Debug|iPhone.Build.0 = Debug|iPhone
		{1548F88E-D84F-4333-9DB2-5E4027154D2E}.Debug|iPhone.Deploy.0 = Debug|iPhone
		{1548F88E-D84F-4333-9DB2-5E4027154D2E}.Debug|iPhoneSimulator.ActiveCfg = Debug|iPhoneSimulator
		{1548F88E-D84F-4333-9DB2-5E4027154D2E}.Debug|iPhoneSimulator.Build.0 = Debug|iPhoneSimulator
		{1548F88E-D84F-4333-9DB2-5E4027154D2E}.Debug|iPhoneSimulator.Deploy.0 = Debug|iPhoneSimulator
		{1548F88E-D84F-4333-9DB2-5E4027154D2E}.Debug|x64.ActiveCfg = Debug|iPhone
		{1548F88E-D84F-4333-9DB2-5E4027154D2E}.Debug|x64.Build.0 = Debug|iPhone
		{1548F88E-D84F-4333-9DB2-5E4027154D2E}.Debug|x64.Deploy.0 = Debug|iPhone
		{1548F88E-D84F-4333-9DB2-5E4027154D2E}.Debug|x86.ActiveCfg = Debug|iPhone
		{1548F88E-D84F-4333-9DB2-5E4027154D2E}.Debug|x86.Build.0 = Debug|iPhone
		{1548F88E-D84F-4333-9DB2-5E4027154D2E}.Debug|x86.Deploy.0 = Debug|iPhone
		{1548F88E-D84F-4333-9DB2-5E4027154D2E}.Release|Any CPU.ActiveCfg = Release|iPhone
		{1548F88E-D84F-4333-9DB2-5E4027154D2E}.Release|Any CPU.Build.0 = Release|iPhone
		{1548F88E-D84F-4333-9DB2-5E4027154D2E}.Release|Any CPU.Deploy.0 = Release|iPhone
		{1548F88E-D84F-4333-9DB2-5E4027154D2E}.Release|ARM.ActiveCfg = Release|iPhone
		{1548F88E-D84F-4333-9DB2-5E4027154D2E}.Release|ARM.Build.0 = Release|iPhone
		{1548F88E-D84F-4333-9DB2-5E4027154D2E}.Release|ARM.Deploy.0 = Release|iPhone
		{1548F88E-D84F-4333-9DB2-5E4027154D2E}.Release|iPhone.ActiveCfg = Release|iPhone
		{1548F88E-D84F-4333-9DB2-5E4027154D2E}.Release|iPhone.Build.0 = Release|iPhone
		{1548F88E-D84F-4333-9DB2-5E4027154D2E}.Release|iPhone.Deploy.0 = Release|iPhone
		{1548F88E-D84F-4333-9DB2-5E4027154D2E}.Release|iPhoneSimulator.ActiveCfg = Release|iPhoneSimulator
		{1548F88E-D84F-4333-9DB2-5E4027154D2E}.Release|iPhoneSimulator.Build.0 = Release|iPhoneSimulator
		{1548F88E-D84F-4333-9DB2-5E4027154D2E}.Release|iPhoneSimulator.Deploy.0 = Release|iPhoneSimulator
		{1548F88E-D84F-4333-9DB2-5E4027154D2E}.Release|x64.ActiveCfg = Release|iPhone
		{1548F88E-D84F-4333-9DB2-5E4027154D2E}.Release|x64.Build.0 = Release|iPhone
		{1548F88E-D84F-4333-9DB2-5E4027154D2E}.Release|x64.Deploy.0 = Release|iPhone
		{1548F88E-D84F-4333-9DB2-5E4027154D2E}.Release|x86.ActiveCfg = Release|iPhone
		{1548F88E-D84F-4333-9DB2-5E4027154D2E}.Release|x86.Build.0 = Release|iPhone
		{1548F88E-D84F-4333-9DB2-5E4027154D2E}.Release|x86.Deploy.0 = Release|iPhone
		{B66977B6-1EBF-45AE-A767-C7455628CC50}.Debug|Any CPU.ActiveCfg = Debug|Any CPU
		{B66977B6-1EBF-45AE-A767-C7455628CC50}.Debug|Any CPU.Build.0 = Debug|Any CPU
		{B66977B6-1EBF-45AE-A767-C7455628CC50}.Debug|Any CPU.Deploy.0 = Debug|Any CPU
		{B66977B6-1EBF-45AE-A767-C7455628CC50}.Debug|ARM.ActiveCfg = Debug|Any CPU
		{B66977B6-1EBF-45AE-A767-C7455628CC50}.Debug|ARM.Build.0 = Debug|Any CPU
		{B66977B6-1EBF-45AE-A767-C7455628CC50}.Debug|ARM.Deploy.0 = Debug|Any CPU
		{B66977B6-1EBF-45AE-A767-C7455628CC50}.Debug|iPhone.ActiveCfg = Debug|Any CPU
		{B66977B6-1EBF-45AE-A767-C7455628CC50}.Debug|iPhone.Build.0 = Debug|Any CPU
		{B66977B6-1EBF-45AE-A767-C7455628CC50}.Debug|iPhone.Deploy.0 = Debug|Any CPU
		{B66977B6-1EBF-45AE-A767-C7455628CC50}.Debug|iPhoneSimulator.ActiveCfg = Debug|Any CPU
		{B66977B6-1EBF-45AE-A767-C7455628CC50}.Debug|iPhoneSimulator.Build.0 = Debug|Any CPU
		{B66977B6-1EBF-45AE-A767-C7455628CC50}.Debug|iPhoneSimulator.Deploy.0 = Debug|Any CPU
		{B66977B6-1EBF-45AE-A767-C7455628CC50}.Debug|x64.ActiveCfg = Debug|Any CPU
		{B66977B6-1EBF-45AE-A767-C7455628CC50}.Debug|x64.Build.0 = Debug|Any CPU
		{B66977B6-1EBF-45AE-A767-C7455628CC50}.Debug|x64.Deploy.0 = Debug|Any CPU
		{B66977B6-1EBF-45AE-A767-C7455628CC50}.Debug|x86.ActiveCfg = Debug|Any CPU
		{B66977B6-1EBF-45AE-A767-C7455628CC50}.Debug|x86.Build.0 = Debug|Any CPU
		{B66977B6-1EBF-45AE-A767-C7455628CC50}.Debug|x86.Deploy.0 = Debug|Any CPU
		{B66977B6-1EBF-45AE-A767-C7455628CC50}.Release|Any CPU.ActiveCfg = Release|Any CPU
		{B66977B6-1EBF-45AE-A767-C7455628CC50}.Release|Any CPU.Build.0 = Release|Any CPU
		{B66977B6-1EBF-45AE-A767-C7455628CC50}.Release|Any CPU.Deploy.0 = Release|Any CPU
		{B66977B6-1EBF-45AE-A767-C7455628CC50}.Release|ARM.ActiveCfg = Release|Any CPU
		{B66977B6-1EBF-45AE-A767-C7455628CC50}.Release|ARM.Build.0 = Release|Any CPU
		{B66977B6-1EBF-45AE-A767-C7455628CC50}.Release|ARM.Deploy.0 = Release|Any CPU
		{B66977B6-1EBF-45AE-A767-C7455628CC50}.Release|iPhone.ActiveCfg = Release|Any CPU
		{B66977B6-1EBF-45AE-A767-C7455628CC50}.Release|iPhone.Build.0 = Release|Any CPU
		{B66977B6-1EBF-45AE-A767-C7455628CC50}.Release|iPhone.Deploy.0 = Release|Any CPU
		{B66977B6-1EBF-45AE-A767-C7455628CC50}.Release|iPhoneSimulator.ActiveCfg = Release|Any CPU
		{B66977B6-1EBF-45AE-A767-C7455628CC50}.Release|iPhoneSimulator.Build.0 = Release|Any CPU
		{B66977B6-1EBF-45AE-A767-C7455628CC50}.Release|iPhoneSimulator.Deploy.0 = Release|Any CPU
		{B66977B6-1EBF-45AE-A767-C7455628CC50}.Release|x64.ActiveCfg = Release|Any CPU
		{B66977B6-1EBF-45AE-A767-C7455628CC50}.Release|x64.Build.0 = Release|Any CPU
		{B66977B6-1EBF-45AE-A767-C7455628CC50}.Release|x64.Deploy.0 = Release|Any CPU
		{B66977B6-1EBF-45AE-A767-C7455628CC50}.Release|x86.ActiveCfg = Release|Any CPU
		{B66977B6-1EBF-45AE-A767-C7455628CC50}.Release|x86.Build.0 = Release|Any CPU
		{B66977B6-1EBF-45AE-A767-C7455628CC50}.Release|x86.Deploy.0 = Release|Any CPU
	EndGlobalSection
	GlobalSection(SolutionProperties) = preSolution
		HideSolutionNode = FALSE
	EndGlobalSection
	GlobalSection(ExtensibilityGlobals) = postSolution
		SolutionGuid = {9727E69B-E21F-4228-BF4E-66463F2D5C4C}
	EndGlobalSection
EndGlobal
